
Microsoft Visual Studio Solution File, Format Version 12.00
# Visual Studio 15
VisualStudioVersion = 15.0.26730.12
MinimumVisualStudioVersion = 10.0.40219.1
Project("{FAE04EC0-301F-11D3-BF4B-00C04F79EFBC}") = "cmdReader", "cmdReader\cmdReader.csproj", "{6C038DB4-F3AC-4310-8600-7305461714C0}"
EndProject
Project("{FAE04EC0-301F-11D3-BF4B-00C04F79EFBC}") = "BssidToLocation", "BssidToLocation\BssidToLocation.csproj", "{6417864F-3601-4D76-B586-4E6A6B7CB7AD}"
EndProject
Global
	GlobalSection(SolutionConfigurationPlatforms) = preSolution
		Debug|Any CPU = Debug|Any CPU
		Release|Any CPU = Release|Any CPU
	EndGlobalSection
	GlobalSection(ProjectConfigurationPlatforms) = postSolution
		{6C038DB4-F3AC-4310-8600-7305461714C0}.Debug|Any CPU.ActiveCfg = Debug|Any CPU
		{6C038DB4-F3AC-4310-8600-7305461714C0}.Debug|Any CPU.Build.0 = Debug|Any CPU
		{6C038DB4-F3AC-4310-8600-7305461714C0}.Release|Any CPU.ActiveCfg = Release|Any CPU
		{6C038DB4-F3AC-4310-8600-7305461714C0}.Release|Any CPU.Build.0 = Release|Any CPU
		{6417864F-3601-4D76-B586-4E6A6B7CB7AD}.Debug|Any CPU.ActiveCfg = Debug|Any CPU
		{6417864F-3601-4D76-B586-4E6A6B7CB7AD}.Debug|Any CPU.Build.0 = Debug|Any CPU
		{6417864F-3601-4D76-B586-4E6A6B7CB7AD}.Release|Any CPU.ActiveCfg = Release|Any CPU
		{6417864F-3601-4D76-B586-4E6A6B7CB7AD}.Release|Any CPU.Build.0 = Release|Any CPU
	EndGlobalSection
	GlobalSection(SolutionProperties) = preSolution
		HideSolutionNode = FALSE
	EndGlobalSection
	GlobalSection(ExtensibilityGlobals) = postSolution
		SolutionGuid = {4B16C93D-362A-44CD-9EE7-1583F64B4E44}
	EndGlobalSection
EndGlobal
